// !$*UTF8*$!
{
	archiveVersion = 1;
	classes = {
	};
	objectVersion = 46;
	objects = {

/* Begin PBXBuildFile section */
		D3F9F33A1B96CA4200078392 /* AppDelegate.swift in Sources */ = {isa = PBXBuildFile; fileRef = D3F9F3391B96CA4200078392 /* AppDelegate.swift */; };
		D3F9F33C1B96CA4200078392 /* SessionListViewController.swift in Sources */ = {isa = PBXBuildFile; fileRef = D3F9F33B1B96CA4200078392 /* SessionListViewController.swift */; };
		D3F9F33E1B96CA4200078392 /* SessionDetailsViewController.swift in Sources */ = {isa = PBXBuildFile; fileRef = D3F9F33D1B96CA4200078392 /* SessionDetailsViewController.swift */; };
		D3F9F3411B96CA4200078392 /* Main.storyboard in Resources */ = {isa = PBXBuildFile; fileRef = D3F9F33F1B96CA4200078392 /* Main.storyboard */; };
		D3F9F3431B96CA4200078392 /* Assets.xcassets in Resources */ = {isa = PBXBuildFile; fileRef = D3F9F3421B96CA4200078392 /* Assets.xcassets */; };
		D3F9F3461B96CA4200078392 /* LaunchScreen.storyboard in Resources */ = {isa = PBXBuildFile; fileRef = D3F9F3441B96CA4200078392 /* LaunchScreen.storyboard */; };
		D3F9F34E1B96CC2700078392 /* MainTabBarController.swift in Sources */ = {isa = PBXBuildFile; fileRef = D3F9F34D1B96CC2700078392 /* MainTabBarController.swift */; };
		D3F9F3501B96CFCA00078392 /* ApiInterface.swift in Sources */ = {isa = PBXBuildFile; fileRef = D3F9F34F1B96CFCA00078392 /* ApiInterface.swift */; };
/* End PBXBuildFile section */

/* Begin PBXFileReference section */
		D3F9F3361B96CA4200078392 /* MSIgnite2015.app */ = {isa = PBXFileReference; explicitFileType = wrapper.application; includeInIndex = 0; path = MSIgnite2015.app; sourceTree = BUILT_PRODUCTS_DIR; };
		D3F9F3391B96CA4200078392 /* AppDelegate.swift */ = {isa = PBXFileReference; lastKnownFileType = sourcecode.swift; path = AppDelegate.swift; sourceTree = "<group>"; };
		D3F9F33B1B96CA4200078392 /* SessionListViewController.swift */ = {isa = PBXFileReference; lastKnownFileType = sourcecode.swift; path = SessionListViewController.swift; sourceTree = "<group>"; };
		D3F9F33D1B96CA4200078392 /* SessionDetailsViewController.swift */ = {isa = PBXFileReference; lastKnownFileType = sourcecode.swift; path = SessionDetailsViewController.swift; sourceTree = "<group>"; };
		D3F9F3401B96CA4200078392 /* Base */ = {isa = PBXFileReference; lastKnownFileType = file.storyboard; name = Base; path = Base.lproj/Main.storyboard; sourceTree = "<group>"; };
		D3F9F3421B96CA4200078392 /* Assets.xcassets */ = {isa = PBXFileReference; lastKnownFileType = folder.assetcatalog; path = Assets.xcassets; sourceTree = "<group>"; };
		D3F9F3451B96CA4200078392 /* Base */ = {isa = PBXFileReference; lastKnownFileType = file.storyboard; name = Base; path = Base.lproj/LaunchScreen.storyboard; sourceTree = "<group>"; };
		D3F9F3471B96CA4200078392 /* Info.plist */ = {isa = PBXFileReference; lastKnownFileType = text.plist.xml; path = Info.plist; sourceTree = "<group>"; };
		D3F9F34D1B96CC2700078392 /* MainTabBarController.swift */ = {isa = PBXFileReference; fileEncoding = 4; lastKnownFileType = sourcecode.swift; path = MainTabBarController.swift; sourceTree = "<group>"; };
		D3F9F34F1B96CFCA00078392 /* ApiInterface.swift */ = {isa = PBXFileReference; fileEncoding = 4; lastKnownFileType = sourcecode.swift; path = ApiInterface.swift; sourceTree = "<group>"; };
/* End PBXFileReference section */

/* Begin PBXFrameworksBuildPhase section */
		D3F9F3331B96CA4200078392 /* Frameworks */ = {
			isa = PBXFrameworksBuildPhase;
			buildActionMask = 2147483647;
			files = (
			);
			runOnlyForDeploymentPostprocessing = 0;
		};
/* End PBXFrameworksBuildPhase section */

/* Begin PBXGroup section */
		D3F9F32D1B96CA4200078392 = {
			isa = PBXGroup;
			children = (
				D3F9F3381B96CA4200078392 /* MSIgnite2015 */,
				D3F9F3371B96CA4200078392 /* Products */,
			);
			sourceTree = "<group>";
		};
		D3F9F3371B96CA4200078392 /* Products */ = {
			isa = PBXGroup;
			children = (
				D3F9F3361B96CA4200078392 /* MSIgnite2015.app */,
			);
			name = Products;
			sourceTree = "<group>";
		};
		D3F9F3381B96CA4200078392 /* MSIgnite2015 */ = {
			isa = PBXGroup;
			children = (
				D3F9F3391B96CA4200078392 /* AppDelegate.swift */,
				D3F9F33B1B96CA4200078392 /* SessionListViewController.swift */,
				D3F9F33D1B96CA4200078392 /* SessionDetailsViewController.swift */,
				D3F9F33F1B96CA4200078392 /* Main.storyboard */,
				D3F9F3421B96CA4200078392 /* Assets.xcassets */,
				D3F9F3441B96CA4200078392 /* LaunchScreen.storyboard */,
				D3F9F3471B96CA4200078392 /* Info.plist */,
				D3F9F34D1B96CC2700078392 /* MainTabBarController.swift */,
				D3F9F34F1B96CFCA00078392 /* ApiInterface.swift */,
			);
			path = MSIgnite2015;
			sourceTree = "<group>";
		};
/* End PBXGroup section */

/* Begin PBXNativeTarget section */
		D3F9F3351B96CA4200078392 /* MSIgnite2015 */ = {
			isa = PBXNativeTarget;
			buildConfigurationList = D3F9F34A1B96CA4200078392 /* Build configuration list for PBXNativeTarget "MSIgnite2015" */;
			buildPhases = (
				D3F9F3321B96CA4200078392 /* Sources */,
				D3F9F3331B96CA4200078392 /* Frameworks */,
				D3F9F3341B96CA4200078392 /* Resources */,
			);
			buildRules = (
			);
			dependencies = (
			);
			name = MSIgnite2015;
			productName = MSIgnite2015;
			productReference = D3F9F3361B96CA4200078392 /* MSIgnite2015.app */;
			productType = "com.apple.product-type.application";
		};
/* End PBXNativeTarget section */

/* Begin PBXProject section */
		D3F9F32E1B96CA4200078392 /* Project object */ = {
			isa = PBXProject;
			attributes = {
				LastUpgradeCheck = 0700;
				ORGANIZATIONNAME = "Orion Edwards";
				TargetAttributes = {
					D3F9F3351B96CA4200078392 = {
						CreatedOnToolsVersion = 7.0;
						DevelopmentTeam = 27PRAM6SD4;
					};
				};
			};
			buildConfigurationList = D3F9F3311B96CA4200078392 /* Build configuration list for PBXProject "MSIgnite2015" */;
			compatibilityVersion = "Xcode 3.2";
			developmentRegion = English;
			hasScannedForEncodings = 0;
			knownRegions = (
				en,
				Base,
			);
			mainGroup = D3F9F32D1B96CA4200078392;
			productRefGroup = D3F9F3371B96CA4200078392 /* Products */;
			projectDirPath = "";
			projectRoot = "";
			targets = (
				D3F9F3351B96CA4200078392 /* MSIgnite2015 */,
			);
		};
/* End PBXProject section */

/* Begin PBXResourcesBuildPhase section */
		D3F9F3341B96CA4200078392 /* Resources */ = {
			isa = PBXResourcesBuildPhase;
			buildActionMask = 2147483647;
			files = (
				D3F9F3461B96CA4200078392 /* LaunchScreen.storyboard in Resources */,
				D3F9F3431B96CA4200078392 /* Assets.xcassets in Resources */,
				D3F9F3411B96CA4200078392 /* Main.storyboard in Resources */,
			);
			runOnlyForDeploymentPostprocessing = 0;
		};
/* End PBXResourcesBuildPhase section */

/* Begin PBXSourcesBuildPhase section */
		D3F9F3321B96CA4200078392 /* Sources */ = {
			isa = PBXSourcesBuildPhase;
			buildActionMask = 2147483647;
			files = (
				D3F9F33E1B96CA4200078392 /* SessionDetailsViewController.swift in Sources */,
				D3F9F33A1B96CA4200078392 /* AppDelegate.swift in Sources */,
				D3F9F34E1B96CC2700078392 /* MainTabBarController.swift in Sources */,
				D3F9F33C1B96CA4200078392 /* SessionListViewController.swift in Sources */,
				D3F9F3501B96CFCA00078392 /* ApiInterface.swift in Sources */,
			);
			runOnlyForDeploymentPostprocessing = 0;
		};
/* End PBXSourcesBuildPhase section */

/* Begin PBXVariantGroup section */
		D3F9F33F1B96CA4200078392 /* Main.storyboard */ = {
			isa = PBXVariantGroup;
			children = (
				D3F9F3401B96CA4200078392 /* Base */,
			);
			name = Main.storyboard;
			sourceTree = "<group>";
		};
		D3F9F3441B96CA4200078392 /* LaunchScreen.storyboard */ = {
			isa = PBXVariantGroup;
			children = (
				D3F9F3451B96CA4200078392 /* Base */,
			);
			name = LaunchScreen.storyboard;
			sourceTree = "<group>";
		};
/* End PBXVariantGroup section */

/* Begin XCBuildConfiguration section */
		D3F9F3481B96CA4200078392 /* Debug */ = {
			isa = XCBuildConfiguration;
			buildSettings = {
				ALWAYS_SEARCH_USER_PATHS = NO;
				CLANG_CXX_LANGUAGE_STANDARD = "gnu++0x";
				CLANG_CXX_LIBRARY = "libc++";
				CLANG_ENABLE_MODULES = YES;
				CLANG_ENABLE_OBJC_ARC = YES;
				CLANG_WARN_BOOL_CONVERSION = YES;
				CLANG_WARN_CONSTANT_CONVERSION = YES;
				CLANG_WARN_DIRECT_OBJC_ISA_USAGE = YES_ERROR;
				CLANG_WARN_EMPTY_BODY = YES;
				CLANG_WARN_ENUM_CONVERSION = YES;
				CLANG_WARN_INT_CONVERSION = YES;
				CLANG_WARN_OBJC_ROOT_CLASS = YES_ERROR;
				CLANG_WARN_UNREACHABLE_CODE = YES;
				CLANG_WARN__DUPLICATE_METHOD_MATCH = YES;
				"CODE_SIGN_IDENTITY[sdk=iphoneos*]" = "iPhone Developer";
				COPY_PHASE_STRIP = NO;
				DEBUG_INFORMATION_FORMAT = dwarf;
				ENABLE_STRICT_OBJC_MSGSEND = YES;
				ENABLE_TESTABILITY = YES;
				GCC_C_LANGUAGE_STANDARD = gnu99;
				GCC_DYNAMIC_NO_PIC = NO;
				GCC_NO_COMMON_BLOCKS = YES;
				GCC_OPTIMIZATION_LEVEL = 0;
				GCC_PREPROCESSOR_DEFINITIONS = (
					"DEBUG=1",
					"$(inherited)",
				);
				GCC_WARN_64_TO_32_BIT_CONVERSION = YES;
				GCC_WARN_ABOUT_RETURN_TYPE = YES_ERROR;
				GCC_WARN_UNDECLARED_SELECTOR = YES;
				GCC_WARN_UNINITIALIZED_AUTOS = YES_AGGRESSIVE;
				GCC_WARN_UNUSED_FUNCTION = YES;
				GCC_WARN_UNUSED_VARIABLE = YES;
				IPHONEOS_DEPLOYMENT_TARGET = 9.0;
				MTL_ENABLE_DEBUG_INFO = YES;
				ONLY_ACTIVE_ARCH = YES;
				SDKROOT = iphoneos;
				SWIFT_OPTIMIZATION_LEVEL = "-Onone";
			};
			name = Debug;
		};
		D3F9F3491B96CA4200078392 /* Release */ = {
			isa = XCBuildConfiguration;
			buildSettings = {
				ALWAYS_SEARCH_USER_PATHS = NO;
				CLANG_CXX_LANGUAGE_STANDARD = "gnu++0x";
				CLANG_CXX_LIBRARY = "libc++";
				CLANG_ENABLE_MODULES = YES;
				CLANG_ENABLE_OBJC_ARC = YES;
				CLANG_WARN_BOOL_CONVERSION = YES;
				CLANG_WARN_CONSTANT_CONVERSION = YES;
				CLANG_WARN_DIRECT_OBJC_ISA_USAGE = YES_ERROR;
				CLANG_WARN_EMPTY_BODY = YES;
				CLANG_WARN_ENUM_CONVERSION = YES;
				CLANG_WARN_INT_CONVERSION = YES;
				CLANG_WARN_OBJC_ROOT_CLASS = YES_ERROR;
				CLANG_WARN_UNREACHABLE_CODE = YES;
				CLANG_WARN__DUPLICATE_METHOD_MATCH = YES;
				"CODE_SIGN_IDENTITY[sdk=iphoneos*]" = "iPhone Developer";
				COPY_PHASE_STRIP = NO;
				DEBUG_INFORMATION_FORMAT = "dwarf-with-dsym";
				ENABLE_NS_ASSERTIONS = NO;
				ENABLE_STRICT_OBJC_MSGSEND = YES;
				GCC_C_LANGUAGE_STANDARD = gnu99;
				GCC_NO_COMMON_BLOCKS = YES;
				GCC_WARN_64_TO_32_BIT_CONVERSION = YES;
				GCC_WARN_ABOUT_RETURN_TYPE = YES_ERROR;
				GCC_WARN_UNDECLARED_SELECTOR = YES;
				GCC_WARN_UNINITIALIZED_AUTOS = YES_AGGRESSIVE;
				GCC_WARN_UNUSED_FUNCTION = YES;
				GCC_WARN_UNUSED_VARIABLE = YES;
				IPHONEOS_DEPLOYMENT_TARGET = 9.0;
				MTL_ENABLE_DEBUG_INFO = NO;
				SDKROOT = iphoneos;
				VALIDATE_PRODUCT = YES;
			};
			name = Release;
		};
		D3F9F34B1B96CA4200078392 /* Debug */ = {
			isa = XCBuildConfiguration;
			buildSettings = {
				ASSETCATALOG_COMPILER_APPICON_NAME = AppIcon;
				INFOPLIST_FILE = MSIgnite2015/Info.plist;
				LD_RUNPATH_SEARCH_PATHS = "$(inherited) @executable_path/Frameworks";
				PRODUCT_BUNDLE_IDENTIFIER = orionedwards.MSIgnite2015;
				PRODUCT_NAME = "$(TARGET_NAME)";
			};
			name = Debug;
		};
		D3F9F34C1B96CA4200078392 /* Release */ = {
			isa = XCBuildConfiguration;
			buildSettings = {
				ASSETCATALOG_COMPILER_APPICON_NAME = AppIcon;
				INFOPLIST_FILE = MSIgnite2015/Info.plist;
				LD_RUNPATH_SEARCH_PATHS = "$(inherited) @executable_path/Frameworks";
				PRODUCT_BUNDLE_IDENTIFIER = orionedwards.MSIgnite2015;
				PRODUCT_NAME = "$(TARGET_NAME)";
			};
			name = Release;
		};
/* End XCBuildConfiguration section */

/* Begin XCConfigurationList section */
		D3F9F3311B96CA4200078392 /* Build configuration list for PBXProject "MSIgnite2015" */ = {
			isa = XCConfigurationList;
			buildConfigurations = (
				D3F9F3481B96CA4200078392 /* Debug */,
				D3F9F3491B96CA4200078392 /* Release */,
			);
			defaultConfigurationIsVisible = 0;
			defaultConfigurationName = Release;
		};
		D3F9F34A1B96CA4200078392 /* Build configuration list for PBXNativeTarget "MSIgnite2015" */ = {
			isa = XCConfigurationList;
			buildConfigurations = (
				D3F9F34B1B96CA4200078392 /* Debug */,
				D3F9F34C1B96CA4200078392 /* Release */,
			);
			defaultConfigurationIsVisible = 0;
		};
/* End XCConfigurationList section */
	};
	rootObject = D3F9F32E1B96CA4200078392 /* Project object */;
}
